// !$*UTF8*$!
{
	archiveVersion = 1;
	classes = {
	};
	objectVersion = 46;
	objects = {

/* Begin PBXBuildFile section */
		8755E1D71CD00E64009D6470 /* AppDelegate.swift in Sources */ = {isa = PBXBuildFile; fileRef = 8755E1D61CD00E64009D6470 /* AppDelegate.swift */; };
		8755E1D91CD00E64009D6470 /* ViewController.swift in Sources */ = {isa = PBXBuildFile; fileRef = 8755E1D81CD00E64009D6470 /* ViewController.swift */; };
		8755E1DC1CD00E64009D6470 /* Main.storyboard in Resources */ = {isa = PBXBuildFile; fileRef = 8755E1DA1CD00E64009D6470 /* Main.storyboard */; };
		8755E1DE1CD00E64009D6470 /* Assets.xcassets in Resources */ = {isa = PBXBuildFile; fileRef = 8755E1DD1CD00E64009D6470 /* Assets.xcassets */; };
		8755E1E11CD00E64009D6470 /* LaunchScreen.storyboard in Resources */ = {isa = PBXBuildFile; fileRef = 8755E1DF1CD00E64009D6470 /* LaunchScreen.storyboard */; };
		8755E1EC1CD00E64009D6470 /* RockLunchUITests.swift in Sources */ = {isa = PBXBuildFile; fileRef = 8755E1EB1CD00E64009D6470 /* RockLunchUITests.swift */; };
/* End PBXBuildFile section */

/* Begin PBXContainerItemProxy section */
		8755E1E81CD00E64009D6470 /* PBXContainerItemProxy */ = {
			isa = PBXContainerItemProxy;
			containerPortal = 8755E1CB1CD00E64009D6470 /* Project object */;
			proxyType = 1;
			remoteGlobalIDString = 8755E1D21CD00E64009D6470;
			remoteInfo = RockLunch;
		};
/* End PBXContainerItemProxy section */

/* Begin PBXFileReference section */
		8755E1D31CD00E64009D6470 /* RockLunch.app */ = {isa = PBXFileReference; explicitFileType = wrapper.application; includeInIndex = 0; path = RockLunch.app; sourceTree = BUILT_PRODUCTS_DIR; };
		8755E1D61CD00E64009D6470 /* AppDelegate.swift */ = {isa = PBXFileReference; lastKnownFileType = sourcecode.swift; path = AppDelegate.swift; sourceTree = "<group>"; };
		8755E1D81CD00E64009D6470 /* ViewController.swift */ = {isa = PBXFileReference; lastKnownFileType = sourcecode.swift; path = ViewController.swift; sourceTree = "<group>"; };
		8755E1DB1CD00E64009D6470 /* Base */ = {isa = PBXFileReference; lastKnownFileType = file.storyboard; name = Base; path = Base.lproj/Main.storyboard; sourceTree = "<group>"; };
		8755E1DD1CD00E64009D6470 /* Assets.xcassets */ = {isa = PBXFileReference; lastKnownFileType = folder.assetcatalog; path = Assets.xcassets; sourceTree = "<group>"; };
		8755E1E01CD00E64009D6470 /* Base */ = {isa = PBXFileReference; lastKnownFileType = file.storyboard; name = Base; path = Base.lproj/LaunchScreen.storyboard; sourceTree = "<group>"; };
		8755E1E21CD00E64009D6470 /* Info.plist */ = {isa = PBXFileReference; lastKnownFileType = text.plist.xml; path = Info.plist; sourceTree = "<group>"; };
		8755E1E71CD00E64009D6470 /* RockLunchUITests.xctest */ = {isa = PBXFileReference; explicitFileType = wrapper.cfbundle; includeInIndex = 0; path = RockLunchUITests.xctest; sourceTree = BUILT_PRODUCTS_DIR; };
		8755E1EB1CD00E64009D6470 /* RockLunchUITests.swift */ = {isa = PBXFileReference; lastKnownFileType = sourcecode.swift; path = RockLunchUITests.swift; sourceTree = "<group>"; };
		8755E1ED1CD00E64009D6470 /* Info.plist */ = {isa = PBXFileReference; lastKnownFileType = text.plist.xml; path = Info.plist; sourceTree = "<group>"; };
/* End PBXFileReference section */

/* Begin PBXFrameworksBuildPhase section */
		8755E1D01CD00E64009D6470 /* Frameworks */ = {
			isa = PBXFrameworksBuildPhase;
			buildActionMask = 2147483647;
			files = (
			);
			runOnlyForDeploymentPostprocessing = 0;
		};
		8755E1E41CD00E64009D6470 /* Frameworks */ = {
			isa = PBXFrameworksBuildPhase;
			buildActionMask = 2147483647;
			files = (
			);
			runOnlyForDeploymentPostprocessing = 0;
		};
/* End PBXFrameworksBuildPhase section */

/* Begin PBXGroup section */
		8755E1CA1CD00E64009D6470 = {
			isa = PBXGroup;
			children = (
				8755E1D51CD00E64009D6470 /* RockLunch */,
				8755E1EA1CD00E64009D6470 /* RockLunchUITests */,
				8755E1D41CD00E64009D6470 /* Products */,
			);
			sourceTree = "<group>";
		};
		8755E1D41CD00E64009D6470 /* Products */ = {
			isa = PBXGroup;
			children = (
				8755E1D31CD00E64009D6470 /* RockLunch.app */,
				8755E1E71CD00E64009D6470 /* RockLunchUITests.xctest */,
			);
			name = Products;
			sourceTree = "<group>";
		};
		8755E1D51CD00E64009D6470 /* RockLunch */ = {
			isa = PBXGroup;
			children = (
				8755E1D61CD00E64009D6470 /* AppDelegate.swift */,
				8755E1D81CD00E64009D6470 /* ViewController.swift */,
				8755E1DA1CD00E64009D6470 /* Main.storyboard */,
				8755E1DD1CD00E64009D6470 /* Assets.xcassets */,
				8755E1DF1CD00E64009D6470 /* LaunchScreen.storyboard */,
				8755E1E21CD00E64009D6470 /* Info.plist */,
			);
			path = RockLunch;
			sourceTree = "<group>";
		};
		8755E1EA1CD00E64009D6470 /* RockLunchUITests */ = {
			isa = PBXGroup;
			children = (
				8755E1EB1CD00E64009D6470 /* RockLunchUITests.swift */,
				8755E1ED1CD00E64009D6470 /* Info.plist */,
			);
			path = RockLunchUITests;
			sourceTree = "<group>";
		};
/* End PBXGroup section */

/* Begin PBXNativeTarget section */
		8755E1D21CD00E64009D6470 /* RockLunch */ = {
			isa = PBXNativeTarget;
			buildConfigurationList = 8755E1F01CD00E64009D6470 /* Build configuration list for PBXNativeTarget "RockLunch" */;
			buildPhases = (
				8755E1CF1CD00E64009D6470 /* Sources */,
				8755E1D01CD00E64009D6470 /* Frameworks */,
				8755E1D11CD00E64009D6470 /* Resources */,
			);
			buildRules = (
			);
			dependencies = (
			);
			name = RockLunch;
			productName = RockLunch;
			productReference = 8755E1D31CD00E64009D6470 /* RockLunch.app */;
			productType = "com.apple.product-type.application";
		};
		8755E1E61CD00E64009D6470 /* RockLunchUITests */ = {
			isa = PBXNativeTarget;
			buildConfigurationList = 8755E1F31CD00E64009D6470 /* Build configuration list for PBXNativeTarget "RockLunchUITests" */;
			buildPhases = (
				8755E1E31CD00E64009D6470 /* Sources */,
				8755E1E41CD00E64009D6470 /* Frameworks */,
				8755E1E51CD00E64009D6470 /* Resources */,
			);
			buildRules = (
			);
			dependencies = (
				8755E1E91CD00E64009D6470 /* PBXTargetDependency */,
			);
			name = RockLunchUITests;
			productName = RockLunchUITests;
			productReference = 8755E1E71CD00E64009D6470 /* RockLunchUITests.xctest */;
			productType = "com.apple.product-type.bundle.ui-testing";
		};
/* End PBXNativeTarget section */

/* Begin PBXProject section */
		8755E1CB1CD00E64009D6470 /* Project object */ = {
			isa = PBXProject;
			attributes = {
				LastSwiftUpdateCheck = 0730;
				LastUpgradeCheck = 0730;
				ORGANIZATIONNAME = "Jacob Wilson";
				TargetAttributes = {
					8755E1D21CD00E64009D6470 = {
						CreatedOnToolsVersion = 7.3;
						DevelopmentTeam = 53LKC683BM;
					};
					8755E1E61CD00E64009D6470 = {
						CreatedOnToolsVersion = 7.3;
						DevelopmentTeam = 53LKC683BM;
						TestTargetID = 8755E1D21CD00E64009D6470;
					};
				};
			};
			buildConfigurationList = 8755E1CE1CD00E64009D6470 /* Build configuration list for PBXProject "RockLunch" */;
			compatibilityVersion = "Xcode 3.2";
			developmentRegion = English;
			hasScannedForEncodings = 0;
			knownRegions = (
				en,
				Base,
			);
			mainGroup = 8755E1CA1CD00E64009D6470;
			productRefGroup = 8755E1D41CD00E64009D6470 /* Products */;
			projectDirPath = "";
			projectRoot = "";
			targets = (
				8755E1D21CD00E64009D6470 /* RockLunch */,
				8755E1E61CD00E64009D6470 /* RockLunchUITests */,
			);
		};
/* End PBXProject section */

/* Begin PBXResourcesBuildPhase section */
		8755E1D11CD00E64009D6470 /* Resources */ = {
			isa = PBXResourcesBuildPhase;
			buildActionMask = 2147483647;
			files = (
				8755E1E11CD00E64009D6470 /* LaunchScreen.storyboard in Resources */,
				8755E1DE1CD00E64009D6470 /* Assets.xcassets in Resources */,
				8755E1DC1CD00E64009D6470 /* Main.storyboard in Resources */,
			);
			runOnlyForDeploymentPostprocessing = 0;
		};
		8755E1E51CD00E64009D6470 /* Resources */ = {
			isa = PBXResourcesBuildPhase;
			buildActionMask = 2147483647;
			files = (
			);
			runOnlyForDeploymentPostprocessing = 0;
		};
/* End PBXResourcesBuildPhase section */

/* Begin PBXSourcesBuildPhase section */
		8755E1CF1CD00E64009D6470 /* Sources */ = {
			isa = PBXSourcesBuildPhase;
			buildActionMask = 2147483647;
			files = (
				8755E1D91CD00E64009D6470 /* ViewController.swift in Sources */,
				8755E1D71CD00E64009D6470 /* AppDelegate.swift in Sources */,
			);
			runOnlyForDeploymentPostprocessing = 0;
		};
		8755E1E31CD00E64009D6470 /* Sources */ = {
			isa = PBXSourcesBuildPhase;
			buildActionMask = 2147483647;
			files = (
				8755E1EC1CD00E64009D6470 /* RockLunchUITests.swift in Sources */,
			);
			runOnlyForDeploymentPostprocessing = 0;
		};
/* End PBXSourcesBuildPhase section */

/* Begin PBXTargetDependency section */
		8755E1E91CD00E64009D6470 /* PBXTargetDependency */ = {
			isa = PBXTargetDependency;
			target = 8755E1D21CD00E64009D6470 /* RockLunch */;
			targetProxy = 8755E1E81CD00E64009D6470 /* PBXContainerItemProxy */;
		};
/* End PBXTargetDependency section */

/* Begin PBXVariantGroup section */
		8755E1DA1CD00E64009D6470 /* Main.storyboard */ = {
			isa = PBXVariantGroup;
			children = (
				8755E1DB1CD00E64009D6470 /* Base */,
			);
			name = Main.storyboard;
			sourceTree = "<group>";
		};
		8755E1DF1CD00E64009D6470 /* LaunchScreen.storyboard */ = {
			isa = PBXVariantGroup;
			children = (
				8755E1E01CD00E64009D6470 /* Base */,
			);
			name = LaunchScreen.storyboard;
			sourceTree = "<group>";
		};
/* End PBXVariantGroup section */

/* Begin XCBuildConfiguration section */
		8755E1EE1CD00E64009D6470 /* Debug */ = {
			isa = XCBuildConfiguration;
			buildSettings = {
				ALWAYS_SEARCH_USER_PATHS = NO;
				CLANG_ANALYZER_NONNULL = YES;
				CLANG_CXX_LANGUAGE_STANDARD = "gnu++0x";
				CLANG_CXX_LIBRARY = "libc++";
				CLANG_ENABLE_MODULES = YES;
				CLANG_ENABLE_OBJC_ARC = YES;
				CLANG_WARN_BOOL_CONVERSION = YES;
				CLANG_WARN_CONSTANT_CONVERSION = YES;
				CLANG_WARN_DIRECT_OBJC_ISA_USAGE = YES_ERROR;
				CLANG_WARN_EMPTY_BODY = YES;
				CLANG_WARN_ENUM_CONVERSION = YES;
				CLANG_WARN_INT_CONVERSION = YES;
				CLANG_WARN_OBJC_ROOT_CLASS = YES_ERROR;
				CLANG_WARN_UNREACHABLE_CODE = YES;
				CLANG_WARN__DUPLICATE_METHOD_MATCH = YES;
				"CODE_SIGN_IDENTITY[sdk=iphoneos*]" = "iPhone Developer";
				COPY_PHASE_STRIP = NO;
				DEBUG_INFORMATION_FORMAT = dwarf;
				ENABLE_STRICT_OBJC_MSGSEND = YES;
				ENABLE_TESTABILITY = YES;
				GCC_C_LANGUAGE_STANDARD = gnu99;
				GCC_DYNAMIC_NO_PIC = NO;
				GCC_NO_COMMON_BLOCKS = YES;
				GCC_OPTIMIZATION_LEVEL = 0;
				GCC_PREPROCESSOR_DEFINITIONS = (
					"DEBUG=1",
					"$(inherited)",
				);
				GCC_WARN_64_TO_32_BIT_CONVERSION = YES;
				GCC_WARN_ABOUT_RETURN_TYPE = YES_ERROR;
				GCC_WARN_UNDECLARED_SELECTOR = YES;
				GCC_WARN_UNINITIALIZED_AUTOS = YES_AGGRESSIVE;
				GCC_WARN_UNUSED_FUNCTION = YES;
				GCC_WARN_UNUSED_VARIABLE = YES;
				IPHONEOS_DEPLOYMENT_TARGET = 9.3;
				MTL_ENABLE_DEBUG_INFO = YES;
				ONLY_ACTIVE_ARCH = YES;
				SDKROOT = iphoneos;
				SWIFT_OPTIMIZATION_LEVEL = "-Onone";
				TARGETED_DEVICE_FAMILY = "1,2";
			};
			name = Debug;
		};
		8755E1EF1CD00E64009D6470 /* Release */ = {
			isa = XCBuildConfiguration;
			buildSettings = {
				ALWAYS_SEARCH_USER_PATHS = NO;
				CLANG_ANALYZER_NONNULL = YES;
				CLANG_CXX_LANGUAGE_STANDARD = "gnu++0x";
				CLANG_CXX_LIBRARY = "libc++";
				CLANG_ENABLE_MODULES = YES;
				CLANG_ENABLE_OBJC_ARC = YES;
				CLANG_WARN_BOOL_CONVERSION = YES;
				CLANG_WARN_CONSTANT_CONVERSION = YES;
				CLANG_WARN_DIRECT_OBJC_ISA_USAGE = YES_ERROR;
				CLANG_WARN_EMPTY_BODY = YES;
				CLANG_WARN_ENUM_CONVERSION = YES;
				CLANG_WARN_INT_CONVERSION = YES;
				CLANG_WARN_OBJC_ROOT_CLASS = YES_ERROR;
				CLANG_WARN_UNREACHABLE_CODE = YES;
				CLANG_WARN__DUPLICATE_METHOD_MATCH = YES;
				"CODE_SIGN_IDENTITY[sdk=iphoneos*]" = "iPhone Developer";
				COPY_PHASE_STRIP = NO;
				DEBUG_INFORMATION_FORMAT = "dwarf-with-dsym";
				ENABLE_NS_ASSERTIONS = NO;
				ENABLE_STRICT_OBJC_MSGSEND = YES;
				GCC_C_LANGUAGE_STANDARD = gnu99;
				GCC_NO_COMMON_BLOCKS = YES;
				GCC_WARN_64_TO_32_BIT_CONVERSION = YES;
				GCC_WARN_ABOUT_RETURN_TYPE = YES_ERROR;
				GCC_WARN_UNDECLARED_SELECTOR = YES;
				GCC_WARN_UNINITIALIZED_AUTOS = YES_AGGRESSIVE;
				GCC_WARN_UNUSED_FUNCTION = YES;
				GCC_WARN_UNUSED_VARIABLE = YES;
				IPHONEOS_DEPLOYMENT_TARGET = 9.3;
				MTL_ENABLE_DEBUG_INFO = NO;
				SDKROOT = iphoneos;
				TARGETED_DEVICE_FAMILY = "1,2";
				VALIDATE_PRODUCT = YES;
			};
			name = Release;
		};
		8755E1F11CD00E64009D6470 /* Debug */ = {
			isa = XCBuildConfiguration;
			buildSettings = {
				ASSETCATALOG_COMPILER_APPICON_NAME = AppIcon;
				INFOPLIST_FILE = RockLunch/Info.plist;
				LD_RUNPATH_SEARCH_PATHS = "$(inherited) @executable_path/Frameworks";
				PRODUCT_BUNDLE_IDENTIFIER = com.aquarii.RockLunch;
				PRODUCT_NAME = "$(TARGET_NAME)";
			};
			name = Debug;
		};
		8755E1F21CD00E64009D6470 /* Release */ = {
			isa = XCBuildConfiguration;
			buildSettings = {
				ASSETCATALOG_COMPILER_APPICON_NAME = AppIcon;
				INFOPLIST_FILE = RockLunch/Info.plist;
				LD_RUNPATH_SEARCH_PATHS = "$(inherited) @executable_path/Frameworks";
				PRODUCT_BUNDLE_IDENTIFIER = com.aquarii.RockLunch;
				PRODUCT_NAME = "$(TARGET_NAME)";
			};
			name = Release;
		};
		8755E1F41CD00E64009D6470 /* Debug */ = {
			isa = XCBuildConfiguration;
			buildSettings = {
				INFOPLIST_FILE = RockLunchUITests/Info.plist;
				LD_RUNPATH_SEARCH_PATHS = "$(inherited) @executable_path/Frameworks @loader_path/Frameworks";
				PRODUCT_BUNDLE_IDENTIFIER = com.aquarii.RockLunchUITests;
				PRODUCT_NAME = "$(TARGET_NAME)";
				TEST_TARGET_NAME = RockLunch;
			};
			name = Debug;
		};
		8755E1F51CD00E64009D6470 /* Release */ = {
			isa = XCBuildConfiguration;
			buildSettings = {
				INFOPLIST_FILE = RockLunchUITests/Info.plist;
				LD_RUNPATH_SEARCH_PATHS = "$(inherited) @executable_path/Frameworks @loader_path/Frameworks";
				PRODUCT_BUNDLE_IDENTIFIER = com.aquarii.RockLunchUITests;
				PRODUCT_NAME = "$(TARGET_NAME)";
				TEST_TARGET_NAME = RockLunch;
			};
			name = Release;
		};
/* End XCBuildConfiguration section */

/* Begin XCConfigurationList section */
		8755E1CE1CD00E64009D6470 /* Build configuration list for PBXProject "RockLunch" */ = {
			isa = XCConfigurationList;
			buildConfigurations = (
				8755E1EE1CD00E64009D6470 /* Debug */,
				8755E1EF1CD00E64009D6470 /* Release */,
			);
			defaultConfigurationIsVisible = 0;
			defaultConfigurationName = Release;
		};
		8755E1F01CD00E64009D6470 /* Build configuration list for PBXNativeTarget "RockLunch" */ = {
			isa = XCConfigurationList;
			buildConfigurations = (
				8755E1F11CD00E64009D6470 /* Debug */,
				8755E1F21CD00E64009D6470 /* Release */,
			);
			defaultConfigurationIsVisible = 0;
		};
		8755E1F31CD00E64009D6470 /* Build configuration list for PBXNativeTarget "RockLunchUITests" */ = {
			isa = XCConfigurationList;
			buildConfigurations = (
				8755E1F41CD00E64009D6470 /* Debug */,
				8755E1F51CD00E64009D6470 /* Release */,
			);
			defaultConfigurationIsVisible = 0;
		};
/* End XCConfigurationList section */
	};
	rootObject = 8755E1CB1CD00E64009D6470 /* Project object */;
}
